
Microsoft Visual Studio Solution File, Format Version 12.00
# Visual Studio Version 16
VisualStudioVersion = 16.0.31321.278
MinimumVisualStudioVersion = 10.0.40219.1
Project("{9A19103F-16F7-4668-BE54-9A1E7A4F7556}") = "QuickStart", "QuickStart\QuickStart.csproj", "{EE864EC4-B82D-4BD3-AB6C-0A3985269BC8}"
EndProject
Global
	GlobalSection(SolutionConfigurationPlatforms) = preSolution
		Debug|Any CPU = Debug|Any CPU
		Release|Any CPU = Release|Any CPU
	EndGlobalSection
	GlobalSection(ProjectConfigurationPlatforms) = postSolution
		{EE864EC4-B82D-4BD3-AB6C-0A3985269BC8}.Debug|Any CPU.ActiveCfg = Debug|Any CPU
		{EE864EC4-B82D-4BD3-AB6C-0A3985269BC8}.Debug|Any CPU.Build.0 = Debug|Any CPU
		{EE864EC4-B82D-4BD3-AB6C-0A3985269BC8}.Release|Any CPU.ActiveCfg = Release|Any CPU
		{EE864EC4-B82D-4BD3-AB6C-0A3985269BC8}.Release|Any CPU.Build.0 = Release|Any CPU
	EndGlobalSection
	GlobalSection(SolutionProperties) = preSolution
		HideSolutionNode = FALSE
	EndGlobalSection
	GlobalSection(ExtensibilityGlobals) = postSolution
		SolutionGuid = {83E77B9D-7831-4CB3-B90A-3C901C86495B}
	EndGlobalSection
EndGlobal
